<Solution>
  <Project Path="src/MobileFix.Domain/MobileFix.Domain.csproj" />
  <Project Path="src/MobileFix.Ports/MobileFix.Ports.csproj" />
  <Project Path="src/MobileFix.UseCases/MobileFix.UseCases.csproj" />
  <Project Path="src/MobileFix.Infrastructure/MobileFix.Infrastructure.csproj" />
  <Project Path="src/MobileFix.Cli/MobileFix.Cli.csproj" />
  <Project Path="src/MobileFix.Desktop/MobileFix.Desktop.csproj" />
</Solution>
